// !$*UTF8*$!
{
	archiveVersion = 1;
	classes = {
	};
	objectVersion = 46;
	objects = {

/* Begin PBXBuildFile section */
		16214AE51DDC860F00EA6813 /* AppDelegate.swift in Sources */ = {isa = PBXBuildFile; fileRef = 16214AE41DDC860F00EA6813 /* AppDelegate.swift */; };
		16214AEA1DDC860F00EA6813 /* Main.storyboard in Resources */ = {isa = PBXBuildFile; fileRef = 16214AE81DDC860F00EA6813 /* Main.storyboard */; };
		16214AEC1DDC860F00EA6813 /* Assets.xcassets in Resources */ = {isa = PBXBuildFile; fileRef = 16214AEB1DDC860F00EA6813 /* Assets.xcassets */; };
		16214AEF1DDC860F00EA6813 /* LaunchScreen.storyboard in Resources */ = {isa = PBXBuildFile; fileRef = 16214AED1DDC860F00EA6813 /* LaunchScreen.storyboard */; };
		16214AFA1DDC860F00EA6813 /* StadiumTests.swift in Sources */ = {isa = PBXBuildFile; fileRef = 16214AF91DDC860F00EA6813 /* StadiumTests.swift */; };
		16214B051DDC860F00EA6813 /* StadiumUITests.swift in Sources */ = {isa = PBXBuildFile; fileRef = 16214B041DDC860F00EA6813 /* StadiumUITests.swift */; };
		16214B161DDC8E6F00EA6813 /* TreinerCell.swift in Sources */ = {isa = PBXBuildFile; fileRef = 16214B151DDC8E6F00EA6813 /* TreinerCell.swift */; };
		16214B181DDC931300EA6813 /* PokemonCell.swift in Sources */ = {isa = PBXBuildFile; fileRef = 16214B171DDC931300EA6813 /* PokemonCell.swift */; };
		16214B1B1DDC962D00EA6813 /* PokemonsInfo.json in Resources */ = {isa = PBXBuildFile; fileRef = 16214B1A1DDC962D00EA6813 /* PokemonsInfo.json */; };
		16214B1D1DDC9ABF00EA6813 /* TreinersViewController.swift in Sources */ = {isa = PBXBuildFile; fileRef = 16214B1C1DDC9ABF00EA6813 /* TreinersViewController.swift */; };
		16214B1F1DDC9AD400EA6813 /* PokemonsViewController.swift in Sources */ = {isa = PBXBuildFile; fileRef = 16214B1E1DDC9AD400EA6813 /* PokemonsViewController.swift */; };
		16214B211DDC9D4900EA6813 /* TrainersInfo.json in Resources */ = {isa = PBXBuildFile; fileRef = 16214B201DDC9D4900EA6813 /* TrainersInfo.json */; };
		16BB2F2E1DDCF14B0029F461 /* TreinerManager.swift in Sources */ = {isa = PBXBuildFile; fileRef = A9E57A711DDCA6CD00665D3E /* TreinerManager.swift */; };
		16BB2F2F1DDCF1E60029F461 /* PokemonsInfo.json in Resources */ = {isa = PBXBuildFile; fileRef = 16214B1A1DDC962D00EA6813 /* PokemonsInfo.json */; };
		16BB2F301DDCF3A40029F461 /* TreinerManager.swift in Sources */ = {isa = PBXBuildFile; fileRef = A9E57A711DDCA6CD00665D3E /* TreinerManager.swift */; };
		A9E57A721DDCA6CD00665D3E /* TreinerManager.swift in Sources */ = {isa = PBXBuildFile; fileRef = A9E57A711DDCA6CD00665D3E /* TreinerManager.swift */; };
		A9E57A731DDCC9F900665D3E /* PokemonsInfo.json in Resources */ = {isa = PBXBuildFile; fileRef = 16214B1A1DDC962D00EA6813 /* PokemonsInfo.json */; };
		A9E57A741DDCC9FC00665D3E /* TrainersInfo.json in Resources */ = {isa = PBXBuildFile; fileRef = 16214B201DDC9D4900EA6813 /* TrainersInfo.json */; };
/* End PBXBuildFile section */

/* Begin PBXContainerItemProxy section */
		16214AF61DDC860F00EA6813 /* PBXContainerItemProxy */ = {
			isa = PBXContainerItemProxy;
			containerPortal = 16214AD91DDC860F00EA6813 /* Project object */;
			proxyType = 1;
			remoteGlobalIDString = 16214AE01DDC860F00EA6813;
			remoteInfo = Stadium;
		};
		16214B011DDC860F00EA6813 /* PBXContainerItemProxy */ = {
			isa = PBXContainerItemProxy;
			containerPortal = 16214AD91DDC860F00EA6813 /* Project object */;
			proxyType = 1;
			remoteGlobalIDString = 16214AE01DDC860F00EA6813;
			remoteInfo = Stadium;
		};
/* End PBXContainerItemProxy section */

/* Begin PBXFileReference section */
		16214AE11DDC860F00EA6813 /* Stadium.app */ = {isa = PBXFileReference; explicitFileType = wrapper.application; includeInIndex = 0; path = Stadium.app; sourceTree = BUILT_PRODUCTS_DIR; };
		16214AE41DDC860F00EA6813 /* AppDelegate.swift */ = {isa = PBXFileReference; lastKnownFileType = sourcecode.swift; path = AppDelegate.swift; sourceTree = "<group>"; };
		16214AE91DDC860F00EA6813 /* Base */ = {isa = PBXFileReference; lastKnownFileType = file.storyboard; name = Base; path = Base.lproj/Main.storyboard; sourceTree = "<group>"; };
		16214AEB1DDC860F00EA6813 /* Assets.xcassets */ = {isa = PBXFileReference; lastKnownFileType = folder.assetcatalog; path = Assets.xcassets; sourceTree = "<group>"; };
		16214AEE1DDC860F00EA6813 /* Base */ = {isa = PBXFileReference; lastKnownFileType = file.storyboard; name = Base; path = Base.lproj/LaunchScreen.storyboard; sourceTree = "<group>"; };
		16214AF01DDC860F00EA6813 /* Info.plist */ = {isa = PBXFileReference; lastKnownFileType = text.plist.xml; path = Info.plist; sourceTree = "<group>"; };
		16214AF51DDC860F00EA6813 /* StadiumTests.xctest */ = {isa = PBXFileReference; explicitFileType = wrapper.cfbundle; includeInIndex = 0; path = StadiumTests.xctest; sourceTree = BUILT_PRODUCTS_DIR; };
		16214AF91DDC860F00EA6813 /* StadiumTests.swift */ = {isa = PBXFileReference; lastKnownFileType = sourcecode.swift; path = StadiumTests.swift; sourceTree = "<group>"; };
		16214AFB1DDC860F00EA6813 /* Info.plist */ = {isa = PBXFileReference; lastKnownFileType = text.plist.xml; path = Info.plist; sourceTree = "<group>"; };
		16214B001DDC860F00EA6813 /* StadiumUITests.xctest */ = {isa = PBXFileReference; explicitFileType = wrapper.cfbundle; includeInIndex = 0; path = StadiumUITests.xctest; sourceTree = BUILT_PRODUCTS_DIR; };
		16214B041DDC860F00EA6813 /* StadiumUITests.swift */ = {isa = PBXFileReference; lastKnownFileType = sourcecode.swift; path = StadiumUITests.swift; sourceTree = "<group>"; };
		16214B061DDC860F00EA6813 /* Info.plist */ = {isa = PBXFileReference; lastKnownFileType = text.plist.xml; path = Info.plist; sourceTree = "<group>"; };
		16214B151DDC8E6F00EA6813 /* TreinerCell.swift */ = {isa = PBXFileReference; fileEncoding = 4; lastKnownFileType = sourcecode.swift; path = TreinerCell.swift; sourceTree = "<group>"; };
		16214B171DDC931300EA6813 /* PokemonCell.swift */ = {isa = PBXFileReference; fileEncoding = 4; lastKnownFileType = sourcecode.swift; path = PokemonCell.swift; sourceTree = "<group>"; };
		16214B1A1DDC962D00EA6813 /* PokemonsInfo.json */ = {isa = PBXFileReference; fileEncoding = 4; lastKnownFileType = text.json; path = PokemonsInfo.json; sourceTree = "<group>"; };
		16214B1C1DDC9ABF00EA6813 /* TreinersViewController.swift */ = {isa = PBXFileReference; fileEncoding = 4; lastKnownFileType = sourcecode.swift; path = TreinersViewController.swift; sourceTree = "<group>"; };
		16214B1E1DDC9AD400EA6813 /* PokemonsViewController.swift */ = {isa = PBXFileReference; fileEncoding = 4; lastKnownFileType = sourcecode.swift; path = PokemonsViewController.swift; sourceTree = "<group>"; };
		16214B201DDC9D4900EA6813 /* TrainersInfo.json */ = {isa = PBXFileReference; fileEncoding = 4; lastKnownFileType = text.json; path = TrainersInfo.json; sourceTree = "<group>"; };
		A9E57A711DDCA6CD00665D3E /* TreinerManager.swift */ = {isa = PBXFileReference; fileEncoding = 4; lastKnownFileType = sourcecode.swift; path = TreinerManager.swift; sourceTree = "<group>"; };
/* End PBXFileReference section */

/* Begin PBXFrameworksBuildPhase section */
		16214ADE1DDC860F00EA6813 /* Frameworks */ = {
			isa = PBXFrameworksBuildPhase;
			buildActionMask = 2147483647;
			files = (
			);
			runOnlyForDeploymentPostprocessing = 0;
		};
		16214AF21DDC860F00EA6813 /* Frameworks */ = {
			isa = PBXFrameworksBuildPhase;
			buildActionMask = 2147483647;
			files = (
			);
			runOnlyForDeploymentPostprocessing = 0;
		};
		16214AFD1DDC860F00EA6813 /* Frameworks */ = {
			isa = PBXFrameworksBuildPhase;
			buildActionMask = 2147483647;
			files = (
			);
			runOnlyForDeploymentPostprocessing = 0;
		};
/* End PBXFrameworksBuildPhase section */

/* Begin PBXGroup section */
		16214AD81DDC860F00EA6813 = {
			isa = PBXGroup;
			children = (
				16214AE31DDC860F00EA6813 /* Stadium */,
				16214AF81DDC860F00EA6813 /* StadiumTests */,
				16214B031DDC860F00EA6813 /* StadiumUITests */,
				16214AE21DDC860F00EA6813 /* Products */,
			);
			sourceTree = "<group>";
		};
		16214AE21DDC860F00EA6813 /* Products */ = {
			isa = PBXGroup;
			children = (
				16214AE11DDC860F00EA6813 /* Stadium.app */,
				16214AF51DDC860F00EA6813 /* StadiumTests.xctest */,
				16214B001DDC860F00EA6813 /* StadiumUITests.xctest */,
			);
			name = Products;
			sourceTree = "<group>";
		};
		16214AE31DDC860F00EA6813 /* Stadium */ = {
			isa = PBXGroup;
			children = (
				16214B191DDC95DC00EA6813 /* Resources */,
				16214B141DDC8DFC00EA6813 /* Controllers */,
				16214B131DDC8DF000EA6813 /* Views */,
				16214B121DDC8DE600EA6813 /* Models */,
				16214AE41DDC860F00EA6813 /* AppDelegate.swift */,
				16214AE81DDC860F00EA6813 /* Main.storyboard */,
				16214AEB1DDC860F00EA6813 /* Assets.xcassets */,
				16214AED1DDC860F00EA6813 /* LaunchScreen.storyboard */,
				16214AF01DDC860F00EA6813 /* Info.plist */,
				A9E57A711DDCA6CD00665D3E /* TreinerManager.swift */,
			);
			path = Stadium;
			sourceTree = "<group>";
		};
		16214AF81DDC860F00EA6813 /* StadiumTests */ = {
			isa = PBXGroup;
			children = (
				16214AF91DDC860F00EA6813 /* StadiumTests.swift */,
				16214AFB1DDC860F00EA6813 /* Info.plist */,
			);
			path = StadiumTests;
			sourceTree = "<group>";
		};
		16214B031DDC860F00EA6813 /* StadiumUITests */ = {
			isa = PBXGroup;
			children = (
				16214B041DDC860F00EA6813 /* StadiumUITests.swift */,
				16214B061DDC860F00EA6813 /* Info.plist */,
			);
			path = StadiumUITests;
			sourceTree = "<group>";
		};
		16214B121DDC8DE600EA6813 /* Models */ = {
			isa = PBXGroup;
			children = (
			);
			name = Models;
			sourceTree = "<group>";
		};
		16214B131DDC8DF000EA6813 /* Views */ = {
			isa = PBXGroup;
			children = (
				16214B151DDC8E6F00EA6813 /* TreinerCell.swift */,
				16214B171DDC931300EA6813 /* PokemonCell.swift */,
			);
			name = Views;
			sourceTree = "<group>";
		};
		16214B141DDC8DFC00EA6813 /* Controllers */ = {
			isa = PBXGroup;
			children = (
				16214B1C1DDC9ABF00EA6813 /* TreinersViewController.swift */,
				16214B1E1DDC9AD400EA6813 /* PokemonsViewController.swift */,
			);
			name = Controllers;
			sourceTree = "<group>";
		};
		16214B191DDC95DC00EA6813 /* Resources */ = {
			isa = PBXGroup;
			children = (
				16214B1A1DDC962D00EA6813 /* PokemonsInfo.json */,
				16214B201DDC9D4900EA6813 /* TrainersInfo.json */,
			);
			name = Resources;
			sourceTree = "<group>";
		};
/* End PBXGroup section */

/* Begin PBXNativeTarget section */
		16214AE01DDC860F00EA6813 /* Stadium */ = {
			isa = PBXNativeTarget;
			buildConfigurationList = 16214B091DDC860F00EA6813 /* Build configuration list for PBXNativeTarget "Stadium" */;
			buildPhases = (
				16214ADD1DDC860F00EA6813 /* Sources */,
				16214ADE1DDC860F00EA6813 /* Frameworks */,
				16214ADF1DDC860F00EA6813 /* Resources */,
			);
			buildRules = (
			);
			dependencies = (
			);
			name = Stadium;
			productName = Stadium;
			productReference = 16214AE11DDC860F00EA6813 /* Stadium.app */;
			productType = "com.apple.product-type.application";
		};
		16214AF41DDC860F00EA6813 /* StadiumTests */ = {
			isa = PBXNativeTarget;
			buildConfigurationList = 16214B0C1DDC860F00EA6813 /* Build configuration list for PBXNativeTarget "StadiumTests" */;
			buildPhases = (
				16214AF11DDC860F00EA6813 /* Sources */,
				16214AF21DDC860F00EA6813 /* Frameworks */,
				16214AF31DDC860F00EA6813 /* Resources */,
			);
			buildRules = (
			);
			dependencies = (
				16214AF71DDC860F00EA6813 /* PBXTargetDependency */,
			);
			name = StadiumTests;
			productName = StadiumTests;
			productReference = 16214AF51DDC860F00EA6813 /* StadiumTests.xctest */;
			productType = "com.apple.product-type.bundle.unit-test";
		};
		16214AFF1DDC860F00EA6813 /* StadiumUITests */ = {
			isa = PBXNativeTarget;
			buildConfigurationList = 16214B0F1DDC860F00EA6813 /* Build configuration list for PBXNativeTarget "StadiumUITests" */;
			buildPhases = (
				16214AFC1DDC860F00EA6813 /* Sources */,
				16214AFD1DDC860F00EA6813 /* Frameworks */,
				16214AFE1DDC860F00EA6813 /* Resources */,
			);
			buildRules = (
			);
			dependencies = (
				16214B021DDC860F00EA6813 /* PBXTargetDependency */,
			);
			name = StadiumUITests;
			productName = StadiumUITests;
			productReference = 16214B001DDC860F00EA6813 /* StadiumUITests.xctest */;
			productType = "com.apple.product-type.bundle.ui-testing";
		};
/* End PBXNativeTarget section */

/* Begin PBXProject section */
		16214AD91DDC860F00EA6813 /* Project object */ = {
			isa = PBXProject;
			attributes = {
				LastSwiftUpdateCheck = 0810;
				LastUpgradeCheck = 0810;
				ORGANIZATIONNAME = BEPiD;
				TargetAttributes = {
					16214AE01DDC860F00EA6813 = {
						CreatedOnToolsVersion = 8.1;
						DevelopmentTeam = JZQX6YK7KS;
						ProvisioningStyle = Automatic;
					};
					16214AF41DDC860F00EA6813 = {
						CreatedOnToolsVersion = 8.1;
						DevelopmentTeam = JZQX6YK7KS;
						ProvisioningStyle = Automatic;
						TestTargetID = 16214AE01DDC860F00EA6813;
					};
					16214AFF1DDC860F00EA6813 = {
						CreatedOnToolsVersion = 8.1;
						DevelopmentTeam = JZQX6YK7KS;
						ProvisioningStyle = Automatic;
						TestTargetID = 16214AE01DDC860F00EA6813;
					};
				};
			};
			buildConfigurationList = 16214ADC1DDC860F00EA6813 /* Build configuration list for PBXProject "Stadium" */;
			compatibilityVersion = "Xcode 3.2";
			developmentRegion = English;
			hasScannedForEncodings = 0;
			knownRegions = (
				en,
				Base,
			);
			mainGroup = 16214AD81DDC860F00EA6813;
			productRefGroup = 16214AE21DDC860F00EA6813 /* Products */;
			projectDirPath = "";
			projectRoot = "";
			targets = (
				16214AE01DDC860F00EA6813 /* Stadium */,
				16214AF41DDC860F00EA6813 /* StadiumTests */,
				16214AFF1DDC860F00EA6813 /* StadiumUITests */,
			);
		};
/* End PBXProject section */

/* Begin PBXResourcesBuildPhase section */
		16214ADF1DDC860F00EA6813 /* Resources */ = {
			isa = PBXResourcesBuildPhase;
			buildActionMask = 2147483647;
			files = (
				16214B211DDC9D4900EA6813 /* TrainersInfo.json in Resources */,
				16214AEF1DDC860F00EA6813 /* LaunchScreen.storyboard in Resources */,
				16214B1B1DDC962D00EA6813 /* PokemonsInfo.json in Resources */,
				16214AEC1DDC860F00EA6813 /* Assets.xcassets in Resources */,
				16214AEA1DDC860F00EA6813 /* Main.storyboard in Resources */,
			);
			runOnlyForDeploymentPostprocessing = 0;
		};
		16214AF31DDC860F00EA6813 /* Resources */ = {
			isa = PBXResourcesBuildPhase;
			buildActionMask = 2147483647;
			files = (
				A9E57A731DDCC9F900665D3E /* PokemonsInfo.json in Resources */,
				A9E57A741DDCC9FC00665D3E /* TrainersInfo.json in Resources */,
			);
			runOnlyForDeploymentPostprocessing = 0;
		};
		16214AFE1DDC860F00EA6813 /* Resources */ = {
			isa = PBXResourcesBuildPhase;
			buildActionMask = 2147483647;
			files = (
				16BB2F2F1DDCF1E60029F461 /* PokemonsInfo.json in Resources */,
			);
			runOnlyForDeploymentPostprocessing = 0;
		};
/* End PBXResourcesBuildPhase section */

/* Begin PBXSourcesBuildPhase section */
		16214ADD1DDC860F00EA6813 /* Sources */ = {
			isa = PBXSourcesBuildPhase;
			buildActionMask = 2147483647;
			files = (
				16214B161DDC8E6F00EA6813 /* TreinerCell.swift in Sources */,
				16214B1D1DDC9ABF00EA6813 /* TreinersViewController.swift in Sources */,
				A9E57A721DDCA6CD00665D3E /* TreinerManager.swift in Sources */,
				16214AE51DDC860F00EA6813 /* AppDelegate.swift in Sources */,
				16214B181DDC931300EA6813 /* PokemonCell.swift in Sources */,
				16214B1F1DDC9AD400EA6813 /* PokemonsViewController.swift in Sources */,
			);
			runOnlyForDeploymentPostprocessing = 0;
		};
		16214AF11DDC860F00EA6813 /* Sources */ = {
			isa = PBXSourcesBuildPhase;
			buildActionMask = 2147483647;
			files = (
				16214AFA1DDC860F00EA6813 /* StadiumTests.swift in Sources */,
				16BB2F301DDCF3A40029F461 /* TreinerManager.swift in Sources */,
			);
			runOnlyForDeploymentPostprocessing = 0;
		};
		16214AFC1DDC860F00EA6813 /* Sources */ = {
			isa = PBXSourcesBuildPhase;
			buildActionMask = 2147483647;
			files = (
				16214B051DDC860F00EA6813 /* StadiumUITests.swift in Sources */,
				16BB2F2E1DDCF14B0029F461 /* TreinerManager.swift in Sources */,
			);
			runOnlyForDeploymentPostprocessing = 0;
		};
/* End PBXSourcesBuildPhase section */

/* Begin PBXTargetDependency section */
		16214AF71DDC860F00EA6813 /* PBXTargetDependency */ = {
			isa = PBXTargetDependency;
			target = 16214AE01DDC860F00EA6813 /* Stadium */;
			targetProxy = 16214AF61DDC860F00EA6813 /* PBXContainerItemProxy */;
		};
		16214B021DDC860F00EA6813 /* PBXTargetDependency */ = {
			isa = PBXTargetDependency;
			target = 16214AE01DDC860F00EA6813 /* Stadium */;
			targetProxy = 16214B011DDC860F00EA6813 /* PBXContainerItemProxy */;
		};
/* End PBXTargetDependency section */

/* Begin PBXVariantGroup section */
		16214AE81DDC860F00EA6813 /* Main.storyboard */ = {
			isa = PBXVariantGroup;
			children = (
				16214AE91DDC860F00EA6813 /* Base */,
			);
			name = Main.storyboard;
			sourceTree = "<group>";
		};
		16214AED1DDC860F00EA6813 /* LaunchScreen.storyboard */ = {
			isa = PBXVariantGroup;
			children = (
				16214AEE1DDC860F00EA6813 /* Base */,
			);
			name = LaunchScreen.storyboard;
			sourceTree = "<group>";
		};
/* End PBXVariantGroup section */

/* Begin XCBuildConfiguration section */
		16214B071DDC860F00EA6813 /* Debug */ = {
			isa = XCBuildConfiguration;
			buildSettings = {
				ALWAYS_SEARCH_USER_PATHS = NO;
				CLANG_ANALYZER_NONNULL = YES;
				CLANG_CXX_LANGUAGE_STANDARD = "gnu++0x";
				CLANG_CXX_LIBRARY = "libc++";
				CLANG_ENABLE_MODULES = YES;
				CLANG_ENABLE_OBJC_ARC = YES;
				CLANG_WARN_BOOL_CONVERSION = YES;
				CLANG_WARN_CONSTANT_CONVERSION = YES;
				CLANG_WARN_DIRECT_OBJC_ISA_USAGE = YES_ERROR;
				CLANG_WARN_DOCUMENTATION_COMMENTS = YES;
				CLANG_WARN_EMPTY_BODY = YES;
				CLANG_WARN_ENUM_CONVERSION = YES;
				CLANG_WARN_INFINITE_RECURSION = YES;
				CLANG_WARN_INT_CONVERSION = YES;
				CLANG_WARN_OBJC_ROOT_CLASS = YES_ERROR;
				CLANG_WARN_SUSPICIOUS_MOVES = YES;
				CLANG_WARN_UNREACHABLE_CODE = YES;
				CLANG_WARN__DUPLICATE_METHOD_MATCH = YES;
				"CODE_SIGN_IDENTITY[sdk=iphoneos*]" = "iPhone Developer";
				COPY_PHASE_STRIP = NO;
				DEBUG_INFORMATION_FORMAT = dwarf;
				ENABLE_STRICT_OBJC_MSGSEND = YES;
				ENABLE_TESTABILITY = YES;
				GCC_C_LANGUAGE_STANDARD = gnu99;
				GCC_DYNAMIC_NO_PIC = NO;
				GCC_NO_COMMON_BLOCKS = YES;
				GCC_OPTIMIZATION_LEVEL = 0;
				GCC_PREPROCESSOR_DEFINITIONS = (
					"DEBUG=1",
					"$(inherited)",
				);
				GCC_WARN_64_TO_32_BIT_CONVERSION = YES;
				GCC_WARN_ABOUT_RETURN_TYPE = YES_ERROR;
				GCC_WARN_UNDECLARED_SELECTOR = YES;
				GCC_WARN_UNINITIALIZED_AUTOS = YES_AGGRESSIVE;
				GCC_WARN_UNUSED_FUNCTION = YES;
				GCC_WARN_UNUSED_VARIABLE = YES;
				IPHONEOS_DEPLOYMENT_TARGET = 10.1;
				MTL_ENABLE_DEBUG_INFO = YES;
				ONLY_ACTIVE_ARCH = YES;
				SDKROOT = iphoneos;
				SWIFT_ACTIVE_COMPILATION_CONDITIONS = DEBUG;
				SWIFT_OPTIMIZATION_LEVEL = "-Onone";
				TARGETED_DEVICE_FAMILY = "1,2";
			};
			name = Debug;
		};
		16214B081DDC860F00EA6813 /* Release */ = {
			isa = XCBuildConfiguration;
			buildSettings = {
				ALWAYS_SEARCH_USER_PATHS = NO;
				CLANG_ANALYZER_NONNULL = YES;
				CLANG_CXX_LANGUAGE_STANDARD = "gnu++0x";
				CLANG_CXX_LIBRARY = "libc++";
				CLANG_ENABLE_MODULES = YES;
				CLANG_ENABLE_OBJC_ARC = YES;
				CLANG_WARN_BOOL_CONVERSION = YES;
				CLANG_WARN_CONSTANT_CONVERSION = YES;
				CLANG_WARN_DIRECT_OBJC_ISA_USAGE = YES_ERROR;
				CLANG_WARN_DOCUMENTATION_COMMENTS = YES;
				CLANG_WARN_EMPTY_BODY = YES;
				CLANG_WARN_ENUM_CONVERSION = YES;
				CLANG_WARN_INFINITE_RECURSION = YES;
				CLANG_WARN_INT_CONVERSION = YES;
				CLANG_WARN_OBJC_ROOT_CLASS = YES_ERROR;
				CLANG_WARN_SUSPICIOUS_MOVES = YES;
				CLANG_WARN_UNREACHABLE_CODE = YES;
				CLANG_WARN__DUPLICATE_METHOD_MATCH = YES;
				"CODE_SIGN_IDENTITY[sdk=iphoneos*]" = "iPhone Developer";
				COPY_PHASE_STRIP = NO;
				DEBUG_INFORMATION_FORMAT = "dwarf-with-dsym";
				ENABLE_NS_ASSERTIONS = NO;
				ENABLE_STRICT_OBJC_MSGSEND = YES;
				GCC_C_LANGUAGE_STANDARD = gnu99;
				GCC_NO_COMMON_BLOCKS = YES;
				GCC_WARN_64_TO_32_BIT_CONVERSION = YES;
				GCC_WARN_ABOUT_RETURN_TYPE = YES_ERROR;
				GCC_WARN_UNDECLARED_SELECTOR = YES;
				GCC_WARN_UNINITIALIZED_AUTOS = YES_AGGRESSIVE;
				GCC_WARN_UNUSED_FUNCTION = YES;
				GCC_WARN_UNUSED_VARIABLE = YES;
				IPHONEOS_DEPLOYMENT_TARGET = 10.1;
				MTL_ENABLE_DEBUG_INFO = NO;
				SDKROOT = iphoneos;
				SWIFT_OPTIMIZATION_LEVEL = "-Owholemodule";
				TARGETED_DEVICE_FAMILY = "1,2";
				VALIDATE_PRODUCT = YES;
			};
			name = Release;
		};
		16214B0A1DDC860F00EA6813 /* Debug */ = {
			isa = XCBuildConfiguration;
			buildSettings = {
				ASSETCATALOG_COMPILER_APPICON_NAME = AppIcon;
				DEVELOPMENT_TEAM = JZQX6YK7KS;
				INFOPLIST_FILE = Stadium/Info.plist;
				LD_RUNPATH_SEARCH_PATHS = "$(inherited) @executable_path/Frameworks";
				PRODUCT_BUNDLE_IDENTIFIER = com.bepid.Stadium;
				PRODUCT_NAME = "$(TARGET_NAME)";
				SWIFT_VERSION = 3.0;
			};
			name = Debug;
		};
		16214B0B1DDC860F00EA6813 /* Release */ = {
			isa = XCBuildConfiguration;
			buildSettings = {
				ASSETCATALOG_COMPILER_APPICON_NAME = AppIcon;
				DEVELOPMENT_TEAM = JZQX6YK7KS;
				INFOPLIST_FILE = Stadium/Info.plist;
				LD_RUNPATH_SEARCH_PATHS = "$(inherited) @executable_path/Frameworks";
				PRODUCT_BUNDLE_IDENTIFIER = com.bepid.Stadium;
				PRODUCT_NAME = "$(TARGET_NAME)";
				SWIFT_VERSION = 3.0;
			};
			name = Release;
		};
		16214B0D1DDC860F00EA6813 /* Debug */ = {
			isa = XCBuildConfiguration;
			buildSettings = {
				ALWAYS_EMBED_SWIFT_STANDARD_LIBRARIES = YES;
				BUNDLE_LOADER = "$(TEST_HOST)";
				DEVELOPMENT_TEAM = JZQX6YK7KS;
				INFOPLIST_FILE = StadiumTests/Info.plist;
				LD_RUNPATH_SEARCH_PATHS = "$(inherited) @executable_path/Frameworks @loader_path/Frameworks";
				PRODUCT_BUNDLE_IDENTIFIER = com.bepid.StadiumTests;
				PRODUCT_NAME = "$(TARGET_NAME)";
				SWIFT_VERSION = 3.0;
				TEST_HOST = "$(BUILT_PRODUCTS_DIR)/Stadium.app/Stadium";
			};
			name = Debug;
		};
		16214B0E1DDC860F00EA6813 /* Release */ = {
			isa = XCBuildConfiguration;
			buildSettings = {
				ALWAYS_EMBED_SWIFT_STANDARD_LIBRARIES = YES;
				BUNDLE_LOADER = "$(TEST_HOST)";
				DEVELOPMENT_TEAM = JZQX6YK7KS;
				INFOPLIST_FILE = StadiumTests/Info.plist;
				LD_RUNPATH_SEARCH_PATHS = "$(inherited) @executable_path/Frameworks @loader_path/Frameworks";
				PRODUCT_BUNDLE_IDENTIFIER = com.bepid.StadiumTests;
				PRODUCT_NAME = "$(TARGET_NAME)";
				SWIFT_VERSION = 3.0;
				TEST_HOST = "$(BUILT_PRODUCTS_DIR)/Stadium.app/Stadium";
			};
			name = Release;
		};
		16214B101DDC860F00EA6813 /* Debug */ = {
			isa = XCBuildConfiguration;
			buildSettings = {
				ALWAYS_EMBED_SWIFT_STANDARD_LIBRARIES = YES;
				DEVELOPMENT_TEAM = JZQX6YK7KS;
				INFOPLIST_FILE = StadiumUITests/Info.plist;
				LD_RUNPATH_SEARCH_PATHS = "$(inherited) @executable_path/Frameworks @loader_path/Frameworks";
				PRODUCT_BUNDLE_IDENTIFIER = com.bepid.StadiumUITests;
				PRODUCT_NAME = "$(TARGET_NAME)";
				SWIFT_VERSION = 3.0;
				TEST_TARGET_NAME = Stadium;
			};
			name = Debug;
		};
		16214B111DDC860F00EA6813 /* Release */ = {
			isa = XCBuildConfiguration;
			buildSettings = {
				ALWAYS_EMBED_SWIFT_STANDARD_LIBRARIES = YES;
				DEVELOPMENT_TEAM = JZQX6YK7KS;
				INFOPLIST_FILE = StadiumUITests/Info.plist;
				LD_RUNPATH_SEARCH_PATHS = "$(inherited) @executable_path/Frameworks @loader_path/Frameworks";
				PRODUCT_BUNDLE_IDENTIFIER = com.bepid.StadiumUITests;
				PRODUCT_NAME = "$(TARGET_NAME)";
				SWIFT_VERSION = 3.0;
				TEST_TARGET_NAME = Stadium;
			};
			name = Release;
		};
/* End XCBuildConfiguration section */

/* Begin XCConfigurationList section */
		16214ADC1DDC860F00EA6813 /* Build configuration list for PBXProject "Stadium" */ = {
			isa = XCConfigurationList;
			buildConfigurations = (
				16214B071DDC860F00EA6813 /* Debug */,
				16214B081DDC860F00EA6813 /* Release */,
			);
			defaultConfigurationIsVisible = 0;
			defaultConfigurationName = Release;
		};
		16214B091DDC860F00EA6813 /* Build configuration list for PBXNativeTarget "Stadium" */ = {
			isa = XCConfigurationList;
			buildConfigurations = (
				16214B0A1DDC860F00EA6813 /* Debug */,
				16214B0B1DDC860F00EA6813 /* Release */,
			);
			defaultConfigurationIsVisible = 0;
			defaultConfigurationName = Release;
		};
		16214B0C1DDC860F00EA6813 /* Build configuration list for PBXNativeTarget "StadiumTests" */ = {
			isa = XCConfigurationList;
			buildConfigurations = (
				16214B0D1DDC860F00EA6813 /* Debug */,
				16214B0E1DDC860F00EA6813 /* Release */,
			);
			defaultConfigurationIsVisible = 0;
			defaultConfigurationName = Release;
		};
		16214B0F1DDC860F00EA6813 /* Build configuration list for PBXNativeTarget "StadiumUITests" */ = {
			isa = XCConfigurationList;
			buildConfigurations = (
				16214B101DDC860F00EA6813 /* Debug */,
				16214B111DDC860F00EA6813 /* Release */,
			);
			defaultConfigurationIsVisible = 0;
			defaultConfigurationName = Release;
		};
/* End XCConfigurationList section */
	};
	rootObject = 16214AD91DDC860F00EA6813 /* Project object */;
}
